
Microsoft Visual Studio Solution File, Format Version 12.00
# Visual Studio Version 16
VisualStudioVersion = 16.0.31702.278
MinimumVisualStudioVersion = 10.0.40219.1
Project("{FAE04EC0-301F-11D3-BF4B-00C04F79EFBC}") = "MadlibPractice", "MadlibPractice.csproj", "{36C90272-BF60-4CD6-9912-F49FCC6C5632}"
EndProject
Global
	GlobalSection(SolutionConfigurationPlatforms) = preSolution
		Debug|Any CPU = Debug|Any CPU
		Release|Any CPU = Release|Any CPU
	EndGlobalSection
	GlobalSection(ProjectConfigurationPlatforms) = postSolution
		{36C90272-BF60-4CD6-9912-F49FCC6C5632}.Debug|Any CPU.ActiveCfg = Debug|Any CPU
		{36C90272-BF60-4CD6-9912-F49FCC6C5632}.Debug|Any CPU.Build.0 = Debug|Any CPU
		{36C90272-BF60-4CD6-9912-F49FCC6C5632}.Release|Any CPU.ActiveCfg = Release|Any CPU
		{36C90272-BF60-4CD6-9912-F49FCC6C5632}.Release|Any CPU.Build.0 = Release|Any CPU
	EndGlobalSection
	GlobalSection(SolutionProperties) = preSolution
		HideSolutionNode = FALSE
	EndGlobalSection
	GlobalSection(ExtensibilityGlobals) = postSolution
		SolutionGuid = {2FAE750E-D0D7-49A2-9E41-235F9B6E4D07}
	EndGlobalSection
EndGlobal
